{
  "requires": true,
  "lockfileVersion": 1,
  "dependencies": {
    "@types/faker": {
      "version": "4.1.12",
      "resolved": "https://registry.npmjs.org/@types/faker/-/faker-4.1.12.tgz",
      "integrity": "sha512-0MEyzJrLLs1WaOCx9ULK6FzdCSj2EuxdSP9kvuxxdBEGujZYUOZ4vkPXdgu3dhyg/pOdn7VCatelYX7k0YShlA=="
    },
    "@types/googlemaps": {
      "version": "3.39.8",
      "resolved": "https://registry.npmjs.org/@types/googlemaps/-/googlemaps-3.39.8.tgz",
      "integrity": "sha512-z03u79t1v8QIktoUXypWD06Fzl499/hA162hurA+eCDlWXxFynuU+hMZIaferILF5Gzr4PMX1ShHszT666sUHQ=="
    },
    "faker": {
      "version": "4.1.0",
      "resolved": "https://registry.npmjs.org/faker/-/faker-4.1.0.tgz",
      "integrity": "sha1-HkW7vsxndLPBlfrSg1EJxtdIzD8="
    },
    "typescript": {
      "version": "3.9.6",
      "resolved": "https://registry.npmjs.org/typescript/-/typescript-3.9.6.tgz",
      "integrity": "sha512-Pspx3oKAPJtjNwE92YS05HQoY7z2SFyOpHo9MqJor3BXAGNaPUs83CuVp9VISFkSjyRfiTpmKuAYGJB7S7hOxw==",
      "dev": true
    }
  }
}
